// !$*UTF8*$!
{
	archiveVersion = 1;
	classes = {
	};
	objectVersion = 50;
	objects = {

/* Begin PBXBuildFile section */
		E10B8B7E2202017A00D4AC4A /* AppDelegate.swift in Sources */ = {isa = PBXBuildFile; fileRef = E10B8B7D2202017A00D4AC4A /* AppDelegate.swift */; };
		E10B8B802202017A00D4AC4A /* ViewController.swift in Sources */ = {isa = PBXBuildFile; fileRef = E10B8B7F2202017A00D4AC4A /* ViewController.swift */; };
		E10B8B832202017A00D4AC4A /* Main.storyboard in Resources */ = {isa = PBXBuildFile; fileRef = E10B8B812202017A00D4AC4A /* Main.storyboard */; };
		E10B8B852202017C00D4AC4A /* Assets.xcassets in Resources */ = {isa = PBXBuildFile; fileRef = E10B8B842202017C00D4AC4A /* Assets.xcassets */; };
		E10B8B882202017C00D4AC4A /* LaunchScreen.storyboard in Resources */ = {isa = PBXBuildFile; fileRef = E10B8B862202017C00D4AC4A /* LaunchScreen.storyboard */; };
/* End PBXBuildFile section */

/* Begin PBXFileReference section */
		E10B8B7A2202017A00D4AC4A /* Angle measurement using motion sensor.app */ = {isa = PBXFileReference; explicitFileType = wrapper.application; includeInIndex = 0; path = "Angle measurement using motion sensor.app"; sourceTree = BUILT_PRODUCTS_DIR; };
		E10B8B7D2202017A00D4AC4A /* AppDelegate.swift */ = {isa = PBXFileReference; lastKnownFileType = sourcecode.swift; path = AppDelegate.swift; sourceTree = "<group>"; };
		E10B8B7F2202017A00D4AC4A /* ViewController.swift */ = {isa = PBXFileReference; lastKnownFileType = sourcecode.swift; path = ViewController.swift; sourceTree = "<group>"; };
		E10B8B822202017A00D4AC4A /* Base */ = {isa = PBXFileReference; lastKnownFileType = file.storyboard; name = Base; path = Base.lproj/Main.storyboard; sourceTree = "<group>"; };
		E10B8B842202017C00D4AC4A /* Assets.xcassets */ = {isa = PBXFileReference; lastKnownFileType = folder.assetcatalog; path = Assets.xcassets; sourceTree = "<group>"; };
		E10B8B872202017C00D4AC4A /* Base */ = {isa = PBXFileReference; lastKnownFileType = file.storyboard; name = Base; path = Base.lproj/LaunchScreen.storyboard; sourceTree = "<group>"; };
		E10B8B892202017C00D4AC4A /* Info.plist */ = {isa = PBXFileReference; lastKnownFileType = text.plist.xml; path = Info.plist; sourceTree = "<group>"; };
/* End PBXFileReference section */

/* Begin PBXFrameworksBuildPhase section */
		E10B8B772202017A00D4AC4A /* Frameworks */ = {
			isa = PBXFrameworksBuildPhase;
			buildActionMask = 2147483647;
			files = (
			);
			runOnlyForDeploymentPostprocessing = 0;
		};
/* End PBXFrameworksBuildPhase section */

/* Begin PBXGroup section */
		E10B8B712202017A00D4AC4A = {
			isa = PBXGroup;
			children = (
				E10B8B7C2202017A00D4AC4A /* Angle measurement using motion sensor */,
				E10B8B7B2202017A00D4AC4A /* Products */,
			);
			sourceTree = "<group>";
		};
		E10B8B7B2202017A00D4AC4A /* Products */ = {
			isa = PBXGroup;
			children = (
				E10B8B7A2202017A00D4AC4A /* Angle measurement using motion sensor.app */,
			);
			name = Products;
			sourceTree = "<group>";
		};
		E10B8B7C2202017A00D4AC4A /* Angle measurement using motion sensor */ = {
			isa = PBXGroup;
			children = (
				E10B8B7D2202017A00D4AC4A /* AppDelegate.swift */,
				E10B8B7F2202017A00D4AC4A /* ViewController.swift */,
				E10B8B812202017A00D4AC4A /* Main.storyboard */,
				E10B8B842202017C00D4AC4A /* Assets.xcassets */,
				E10B8B862202017C00D4AC4A /* LaunchScreen.storyboard */,
				E10B8B892202017C00D4AC4A /* Info.plist */,
			);
			path = "Angle measurement using motion sensor";
			sourceTree = "<group>";
		};
/* End PBXGroup section */

/* Begin PBXNativeTarget section */
		E10B8B792202017A00D4AC4A /* Angle measurement using motion sensor */ = {
			isa = PBXNativeTarget;
			buildConfigurationList = E10B8B8C2202017C00D4AC4A /* Build configuration list for PBXNativeTarget "Angle measurement using motion sensor" */;
			buildPhases = (
				E10B8B762202017A00D4AC4A /* Sources */,
				E10B8B772202017A00D4AC4A /* Frameworks */,
				E10B8B782202017A00D4AC4A /* Resources */,
			);
			buildRules = (
			);
			dependencies = (
			);
			name = "Angle measurement using motion sensor";
			productName = "Angle measurement using motion sensor";
			productReference = E10B8B7A2202017A00D4AC4A /* Angle measurement using motion sensor.app */;
			productType = "com.apple.product-type.application";
		};
/* End PBXNativeTarget section */

/* Begin PBXProject section */
		E10B8B722202017A00D4AC4A /* Project object */ = {
			isa = PBXProject;
			attributes = {
				LastSwiftUpdateCheck = 1010;
				LastUpgradeCheck = 1010;
				ORGANIZATIONNAME = kurokuman;
				TargetAttributes = {
					E10B8B792202017A00D4AC4A = {
						CreatedOnToolsVersion = 10.1;
					};
				};
			};
			buildConfigurationList = E10B8B752202017A00D4AC4A /* Build configuration list for PBXProject "Angle measurement using motion sensor" */;
			compatibilityVersion = "Xcode 9.3";
			developmentRegion = en;
			hasScannedForEncodings = 0;
			knownRegions = (
				en,
				Base,
			);
			mainGroup = E10B8B712202017A00D4AC4A;
			productRefGroup = E10B8B7B2202017A00D4AC4A /* Products */;
			projectDirPath = "";
			projectRoot = "";
			targets = (
				E10B8B792202017A00D4AC4A /* Angle measurement using motion sensor */,
			);
		};
/* End PBXProject section */

/* Begin PBXResourcesBuildPhase section */
		E10B8B782202017A00D4AC4A /* Resources */ = {
			isa = PBXResourcesBuildPhase;
			buildActionMask = 2147483647;
			files = (
				E10B8B882202017C00D4AC4A /* LaunchScreen.storyboard in Resources */,
				E10B8B852202017C00D4AC4A /* Assets.xcassets in Resources */,
				E10B8B832202017A00D4AC4A /* Main.storyboard in Resources */,
			);
			runOnlyForDeploymentPostprocessing = 0;
		};
/* End PBXResourcesBuildPhase section */

/* Begin PBXSourcesBuildPhase section */
		E10B8B762202017A00D4AC4A /* Sources */ = {
			isa = PBXSourcesBuildPhase;
			buildActionMask = 2147483647;
			files = (
				E10B8B802202017A00D4AC4A /* ViewController.swift in Sources */,
				E10B8B7E2202017A00D4AC4A /* AppDelegate.swift in Sources */,
			);
			runOnlyForDeploymentPostprocessing = 0;
		};
/* End PBXSourcesBuildPhase section */

/* Begin PBXVariantGroup section */
		E10B8B812202017A00D4AC4A /* Main.storyboard */ = {
			isa = PBXVariantGroup;
			children = (
				E10B8B822202017A00D4AC4A /* Base */,
			);
			name = Main.storyboard;
			sourceTree = "<group>";
		};
		E10B8B862202017C00D4AC4A /* LaunchScreen.storyboard */ = {
			isa = PBXVariantGroup;
			children = (
				E10B8B872202017C00D4AC4A /* Base */,
			);
			name = LaunchScreen.storyboard;
			sourceTree = "<group>";
		};
/* End PBXVariantGroup section */

/* Begin XCBuildConfiguration section */
		E10B8B8A2202017C00D4AC4A /* Debug */ = {
			isa = XCBuildConfiguration;
			buildSettings = {
				ALWAYS_SEARCH_USER_PATHS = NO;
				CLANG_ANALYZER_NONNULL = YES;
				CLANG_ANALYZER_NUMBER_OBJECT_CONVERSION = YES_AGGRESSIVE;
				CLANG_CXX_LANGUAGE_STANDARD = "gnu++14";
				CLANG_CXX_LIBRARY = "libc++";
				CLANG_ENABLE_MODULES = YES;
				CLANG_ENABLE_OBJC_ARC = YES;
				CLANG_ENABLE_OBJC_WEAK = YES;
				CLANG_WARN_BLOCK_CAPTURE_AUTORELEASING = YES;
				CLANG_WARN_BOOL_CONVERSION = YES;
				CLANG_WARN_COMMA = YES;
				CLANG_WARN_CONSTANT_CONVERSION = YES;
				CLANG_WARN_DEPRECATED_OBJC_IMPLEMENTATIONS = YES;
				CLANG_WARN_DIRECT_OBJC_ISA_USAGE = YES_ERROR;
				CLANG_WARN_DOCUMENTATION_COMMENTS = YES;
				CLANG_WARN_EMPTY_BODY = YES;
				CLANG_WARN_ENUM_CONVERSION = YES;
				CLANG_WARN_INFINITE_RECURSION = YES;
				CLANG_WARN_INT_CONVERSION = YES;
				CLANG_WARN_NON_LITERAL_NULL_CONVERSION = YES;
				CLANG_WARN_OBJC_IMPLICIT_RETAIN_SELF = YES;
				CLANG_WARN_OBJC_LITERAL_CONVERSION = YES;
				CLANG_WARN_OBJC_ROOT_CLASS = YES_ERROR;
				CLANG_WARN_RANGE_LOOP_ANALYSIS = YES;
				CLANG_WARN_STRICT_PROTOTYPES = YES;
				CLANG_WARN_SUSPICIOUS_MOVE = YES;
				CLANG_WARN_UNGUARDED_AVAILABILITY = YES_AGGRESSIVE;
				CLANG_WARN_UNREACHABLE_CODE = YES;
				CLANG_WARN__DUPLICATE_METHOD_MATCH = YES;
				CODE_SIGN_IDENTITY = "iPhone Developer";
				COPY_PHASE_STRIP = NO;
				DEBUG_INFORMATION_FORMAT = dwarf;
				ENABLE_STRICT_OBJC_MSGSEND = YES;
				ENABLE_TESTABILITY = YES;
				GCC_C_LANGUAGE_STANDARD = gnu11;
				GCC_DYNAMIC_NO_PIC = NO;
				GCC_NO_COMMON_BLOCKS = YES;
				GCC_OPTIMIZATION_LEVEL = 0;
				GCC_PREPROCESSOR_DEFINITIONS = (
					"DEBUG=1",
					"$(inherited)",
				);
				GCC_WARN_64_TO_32_BIT_CONVERSION = YES;
				GCC_WARN_ABOUT_RETURN_TYPE = YES_ERROR;
				GCC_WARN_UNDECLARED_SELECTOR = YES;
				GCC_WARN_UNINITIALIZED_AUTOS = YES_AGGRESSIVE;
				GCC_WARN_UNUSED_FUNCTION = YES;
				GCC_WARN_UNUSED_VARIABLE = YES;
				IPHONEOS_DEPLOYMENT_TARGET = 12.1;
				MTL_ENABLE_DEBUG_INFO = INCLUDE_SOURCE;
				MTL_FAST_MATH = YES;
				ONLY_ACTIVE_ARCH = YES;
				SDKROOT = iphoneos;
				SWIFT_ACTIVE_COMPILATION_CONDITIONS = DEBUG;
				SWIFT_OPTIMIZATION_LEVEL = "-Onone";
			};
			name = Debug;
		};
		E10B8B8B2202017C00D4AC4A /* Release */ = {
			isa = XCBuildConfiguration;
			buildSettings = {
				ALWAYS_SEARCH_USER_PATHS = NO;
				CLANG_ANALYZER_NONNULL = YES;
				CLANG_ANALYZER_NUMBER_OBJECT_CONVERSION = YES_AGGRESSIVE;
				CLANG_CXX_LANGUAGE_STANDARD = "gnu++14";
				CLANG_CXX_LIBRARY = "libc++";
				CLANG_ENABLE_MODULES = YES;
				CLANG_ENABLE_OBJC_ARC = YES;
				CLANG_ENABLE_OBJC_WEAK = YES;
				CLANG_WARN_BLOCK_CAPTURE_AUTORELEASING = YES;
				CLANG_WARN_BOOL_CONVERSION = YES;
				CLANG_WARN_COMMA = YES;
				CLANG_WARN_CONSTANT_CONVERSION = YES;
				CLANG_WARN_DEPRECATED_OBJC_IMPLEMENTATIONS = YES;
				CLANG_WARN_DIRECT_OBJC_ISA_USAGE = YES_ERROR;
				CLANG_WARN_DOCUMENTATION_COMMENTS = YES;
				CLANG_WARN_EMPTY_BODY = YES;
				CLANG_WARN_ENUM_CONVERSION = YES;
				CLANG_WARN_INFINITE_RECURSION = YES;
				CLANG_WARN_INT_CONVERSION = YES;
				CLANG_WARN_NON_LITERAL_NULL_CONVERSION = YES;
				CLANG_WARN_OBJC_IMPLICIT_RETAIN_SELF = YES;
				CLANG_WARN_OBJC_LITERAL_CONVERSION = YES;
				CLANG_WARN_OBJC_ROOT_CLASS = YES_ERROR;
				CLANG_WARN_RANGE_LOOP_ANALYSIS = YES;
				CLANG_WARN_STRICT_PROTOTYPES = YES;
				CLANG_WARN_SUSPICIOUS_MOVE = YES;
				CLANG_WARN_UNGUARDED_AVAILABILITY = YES_AGGRESSIVE;
				CLANG_WARN_UNREACHABLE_CODE = YES;
				CLANG_WARN__DUPLICATE_METHOD_MATCH = YES;
				CODE_SIGN_IDENTITY = "iPhone Developer";
				COPY_PHASE_STRIP = NO;
				DEBUG_INFORMATION_FORMAT = "dwarf-with-dsym";
				ENABLE_NS_ASSERTIONS = NO;
				ENABLE_STRICT_OBJC_MSGSEND = YES;
				GCC_C_LANGUAGE_STANDARD = gnu11;
				GCC_NO_COMMON_BLOCKS = YES;
				GCC_WARN_64_TO_32_BIT_CONVERSION = YES;
				GCC_WARN_ABOUT_RETURN_TYPE = YES_ERROR;
				GCC_WARN_UNDECLARED_SELECTOR = YES;
				GCC_WARN_UNINITIALIZED_AUTOS = YES_AGGRESSIVE;
				GCC_WARN_UNUSED_FUNCTION = YES;
				GCC_WARN_UNUSED_VARIABLE = YES;
				IPHONEOS_DEPLOYMENT_TARGET = 12.1;
				MTL_ENABLE_DEBUG_INFO = NO;
				MTL_FAST_MATH = YES;
				SDKROOT = iphoneos;
				SWIFT_COMPILATION_MODE = wholemodule;
				SWIFT_OPTIMIZATION_LEVEL = "-O";
				VALIDATE_PRODUCT = YES;
			};
			name = Release;
		};
		E10B8B8D2202017C00D4AC4A /* Debug */ = {
			isa = XCBuildConfiguration;
			buildSettings = {
				ASSETCATALOG_COMPILER_APPICON_NAME = AppIcon;
				CODE_SIGN_STYLE = Automatic;
				DEVELOPMENT_TEAM = A65CBY9MNK;
				INFOPLIST_FILE = "Angle measurement using motion sensor/Info.plist";
				LD_RUNPATH_SEARCH_PATHS = (
					"$(inherited)",
					"@executable_path/Frameworks",
				);
				PRODUCT_BUNDLE_IDENTIFIER = "com.kurokuman.Angle-measurement-using-motion-sensor";
				PRODUCT_NAME = "$(TARGET_NAME)";
				SWIFT_VERSION = 4.2;
				TARGETED_DEVICE_FAMILY = "1,2";
			};
			name = Debug;
		};
		E10B8B8E2202017C00D4AC4A /* Release */ = {
			isa = XCBuildConfiguration;
			buildSettings = {
				ASSETCATALOG_COMPILER_APPICON_NAME = AppIcon;
				CODE_SIGN_STYLE = Automatic;
				DEVELOPMENT_TEAM = A65CBY9MNK;
				INFOPLIST_FILE = "Angle measurement using motion sensor/Info.plist";
				LD_RUNPATH_SEARCH_PATHS = (
					"$(inherited)",
					"@executable_path/Frameworks",
				);
				PRODUCT_BUNDLE_IDENTIFIER = "com.kurokuman.Angle-measurement-using-motion-sensor";
				PRODUCT_NAME = "$(TARGET_NAME)";
				SWIFT_VERSION = 4.2;
				TARGETED_DEVICE_FAMILY = "1,2";
			};
			name = Release;
		};
/* End XCBuildConfiguration section */

/* Begin XCConfigurationList section */
		E10B8B752202017A00D4AC4A /* Build configuration list for PBXProject "Angle measurement using motion sensor" */ = {
			isa = XCConfigurationList;
			buildConfigurations = (
				E10B8B8A2202017C00D4AC4A /* Debug */,
				E10B8B8B2202017C00D4AC4A /* Release */,
			);
			defaultConfigurationIsVisible = 0;
			defaultConfigurationName = Release;
		};
		E10B8B8C2202017C00D4AC4A /* Build configuration list for PBXNativeTarget "Angle measurement using motion sensor" */ = {
			isa = XCConfigurationList;
			buildConfigurations = (
				E10B8B8D2202017C00D4AC4A /* Debug */,
				E10B8B8E2202017C00D4AC4A /* Release */,
			);
			defaultConfigurationIsVisible = 0;
			defaultConfigurationName = Release;
		};
/* End XCConfigurationList section */
	};
	rootObject = E10B8B722202017A00D4AC4A /* Project object */;
}
